# THIS IS AN AUTOGENERATED FILE. DO NOT EDIT THIS FILE DIRECTLY.
# yarn lockfile v1


"@babel/code-frame@^7.10.4":
  version "7.14.5"
  resolved "http://npm.dui88.com:80/@babel%2fcode-frame/-/code-frame-7.14.5.tgz#23b08d740e83f49c5e59945fbf1b43e80bbf4edb"
  integrity sha1-I7CNdA6D9JxeWZRfvxtD6Au/Tts=
  dependencies:
    "@babel/highlight" "^7.14.5"

"@babel/helper-validator-identifier@^7.14.5":
  version "7.14.9"
  resolved "http://npm.dui88.com:80/@babel%2fhelper-validator-identifier/-/helper-validator-identifier-7.14.9.tgz#6654d171b2024f6d8ee151bf2509699919131d48"
  integrity sha1-ZlTRcbICT22O4VG/JQlpmRkTHUg=

"@babel/highlight@^7.14.5":
  version "7.14.5"
  resolved "http://npm.dui88.com:80/@babel%2fhighlight/-/highlight-7.14.5.tgz#6861a52f03966405001f6aa534a01a24d99e8cd9"
  integrity sha1-aGGlLwOWZAUAH2qlNKAaJNmejNk=
  dependencies:
    "@babel/helper-validator-identifier" "^7.14.5"
    chalk "^2.0.0"
    js-tokens "^4.0.0"

"@choojs/findup@^0.2.0":
  version "0.2.1"
  resolved "http://npm.dui88.com:80/@choojs%2ffindup/-/findup-0.2.1.tgz#ac13c59ae7be6e1da64de0779a0a7f03d75615a3"
  integrity sha1-rBPFmue+bh2mTeB3mgp/A9dWFaM=
  dependencies:
    commander "^2.15.1"

"@derhuerst/http-basic@^8.2.1":
  version "8.2.1"
  resolved "http://npm.dui88.com:80/@derhuerst%2fhttp-basic/-/http-basic-8.2.1.tgz#11e3964cf1f2fb40806f9a0fff0c451bb7526093"
  integrity sha1-EeOWTPHy+0CAb5oP/wxFG7dSYJM=
  dependencies:
    caseless "^0.12.0"
    concat-stream "^1.6.2"
    http-response-object "^3.0.1"
    parse-cache-control "^1.0.1"

"@rollup/plugin-json@^4.1.0":
  version "4.1.0"
  resolved "http://npm.dui88.com:80/@rollup%2fplugin-json/-/plugin-json-4.1.0.tgz#54e09867ae6963c593844d8bd7a9c718294496f3"
  integrity sha1-VOCYZ65pY8WThE2L16nHGClElvM=
  dependencies:
    "@rollup/pluginutils" "^3.0.8"

"@rollup/plugin-node-resolve@^13.1.1":
  version "13.1.1"
  resolved "http://npm.dui88.com:80/@rollup%2fplugin-node-resolve/-/plugin-node-resolve-13.1.1.tgz#d38ba06e7b181ab4df64c75409b43d9bdc95ae34"
  integrity sha512-6QKtRevXLrmEig9UiMYt2fSvee9TyltGRfw+qSs6xjUnxwjOzTOqy+/Lpxsgjb8mJn1EQNbCDAvt89O4uzL5kw==
  dependencies:
    "@rollup/pluginutils" "^3.1.0"
    "@types/resolve" "1.17.1"
    builtin-modules "^3.1.0"
    deepmerge "^4.2.2"
    is-module "^1.0.0"
    resolve "^1.19.0"

"@rollup/plugin-typescript@^8.3.0":
  version "8.3.0"
  resolved "http://npm.dui88.com:80/@rollup%2fplugin-typescript/-/plugin-typescript-8.3.0.tgz#bc1077fa5897b980fc27e376c4e377882c63e68b"
  integrity sha1-vBB3+liXuYD8J+N2xON3iCxj5os=
  dependencies:
    "@rollup/pluginutils" "^3.1.0"
    resolve "^1.17.0"

"@rollup/pluginutils@^3.0.8", "@rollup/pluginutils@^3.1.0":
  version "3.1.0"
  resolved "http://npm.dui88.com:80/@rollup%2fpluginutils/-/pluginutils-3.1.0.tgz#706b4524ee6dc8b103b3c995533e5ad680c02b9b"
  integrity sha1-cGtFJO5tyLEDs8mVUz5a1oDAK5s=
  dependencies:
    "@types/estree" "0.0.39"
    estree-walker "^1.0.1"
    picomatch "^2.2.2"

"@rollup/pluginutils@^4.1.0":
  version "4.1.2"
  resolved "http://npm.dui88.com:80/@rollup%2fpluginutils/-/pluginutils-4.1.2.tgz#ed5821c15e5e05e32816f5fb9ec607cdf5a75751"
  integrity sha512-ROn4qvkxP9SyPeHaf7uQC/GPFY6L/OWy9+bd9AwcjOAWQwxRscoEyAUD8qCY5o5iL4jqQwoLk2kaTKJPb/HwzQ==
  dependencies:
    estree-walker "^2.0.1"
    picomatch "^2.2.2"

"@types/dat.gui@^0.7.7":
  version "0.7.7"
  resolved "http://npm.dui88.com:80/@types%2fdat.gui/-/dat.gui-0.7.7.tgz#2125aedfaa190364c5a50b0447858a7e159aea2e"
  integrity sha1-ISWu36oZA2TFpQsER4WKfhWa6i4=

"@types/estree@*":
  version "0.0.50"
  resolved "http://npm.dui88.com:80/@types%2festree/-/estree-0.0.50.tgz#1e0caa9364d3fccd2931c3ed96fdbeaa5d4cca83"
  integrity sha1-Hgyqk2TT/M0pMcPtlv2+ql1MyoM=

"@types/estree@0.0.39":
  version "0.0.39"
  resolved "http://npm.dui88.com:80/@types%2festree/-/estree-0.0.39.tgz#e177e699ee1b8c22d23174caaa7422644389509f"
  integrity sha1-4Xfmme4bjCLSMXTKqnQiZEOJUJ8=

"@types/node@*":
  version "16.7.10"
  resolved "http://npm.dui88.com:80/@types%2fnode/-/node-16.7.10.tgz#7aa732cc47341c12a16b7d562f519c2383b6d4fc"
  integrity sha1-eqcyzEc0HBKha31WL1GcI4O21Pw=

"@types/node@^10.0.3":
  version "10.17.60"
  resolved "http://npm.dui88.com:80/@types%2fnode/-/node-10.17.60.tgz#35f3d6213daed95da7f0f73e75bcc6980e90597b"
  integrity sha1-NfPWIT2u2V2n8Pc+dbzGmA6QWXs=

"@types/resolve@1.17.1":
  version "1.17.1"
  resolved "http://npm.dui88.com:80/@types%2fresolve/-/resolve-1.17.1.tgz#3afd6ad8967c77e4376c598a82ddd58f46ec45d6"
  integrity sha1-Ov1q2JZ8d+Q3bFmKgt3Vj0bsRdY=
  dependencies:
    "@types/node" "*"

access@^1.0.2:
  version "1.0.2"
  resolved "http://npm.dui88.com:80/access/-/access-1.0.2.tgz#93a8d2e9452e8a78bfd85b6846d98727592089cd"
  integrity sha1-k6jS6UUuini/2FtoRtmHJ1kgic0=

acorn@^7.1.1:
  version "7.4.1"
  resolved "http://npm.dui88.com:80/acorn/-/acorn-7.4.1.tgz#feaed255973d2e77555b83dbc08851a6c63520fa"
  integrity sha1-/q7SVZc9LndVW4PbwIhRpsY1IPo=

adm-zip@^0.5.4:
  version "0.5.9"
  resolved "http://npm.dui88.com:80/adm-zip/-/adm-zip-0.5.9.tgz#b33691028333821c0cf95c31374c5462f2905a83"
  integrity sha1-szaRAoMzghwM+VwxN0xUYvKQWoM=

agent-base@6:
  version "6.0.2"
  resolved "http://npm.dui88.com:80/agent-base/-/agent-base-6.0.2.tgz#49fff58577cfee3f37176feab4c22e00f86d7f77"
  integrity sha1-Sf/1hXfP7j83F2/qtMIuAPhtf3c=
  dependencies:
    debug "4"

ansi-styles@^3.2.1:
  version "3.2.1"
  resolved "http://npm.dui88.com:80/ansi-styles/-/ansi-styles-3.2.1.tgz#41fbb20243e50b12be0f04b8dedbf07520ce841d"
  integrity sha1-QfuyAkPlCxK+DwS43tvwdSDOhB0=
  dependencies:
    color-convert "^1.9.0"

anymatch@~3.1.2:
  version "3.1.2"
  resolved "http://npm.dui88.com:80/anymatch/-/anymatch-3.1.2.tgz#c0557c096af32f106198f4f4e2a383537e378716"
  integrity sha1-wFV8CWrzLxBhmPT04qODU343hxY=
  dependencies:
    normalize-path "^3.0.0"
    picomatch "^2.0.4"

binary-extensions@^2.0.0:
  version "2.2.0"
  resolved "http://npm.dui88.com:80/binary-extensions/-/binary-extensions-2.2.0.tgz#75f502eeaf9ffde42fc98829645be4ea76bd9e2d"
  integrity sha1-dfUC7q+f/eQvyYgpZFvk6na9ni0=

bl@^2.2.1:
  version "2.2.1"
  resolved "http://npm.dui88.com:80/bl/-/bl-2.2.1.tgz#8c11a7b730655c5d56898cdc871224f40fd901d5"
  integrity sha1-jBGntzBlXF1WiYzchxIk9A/ZAdU=
  dependencies:
    readable-stream "^2.3.5"
    safe-buffer "^5.1.1"

braces@~3.0.2:
  version "3.0.2"
  resolved "http://npm.dui88.com:80/braces/-/braces-3.0.2.tgz#3454e1a462ee8d599e236df336cd9ea4f8afe107"
  integrity sha1-NFThpGLujVmeI23zNs2epPiv4Qc=
  dependencies:
    fill-range "^7.0.1"

buffer-from@^1.0.0:
  version "1.1.2"
  resolved "http://npm.dui88.com:80/buffer-from/-/buffer-from-1.1.2.tgz#2b146a6fd72e80b4f55d255f35ed59a3a9a41bd5"
  integrity sha1-KxRqb9cugLT1XSVfNe1Zo6mkG9U=

builtin-modules@^3.1.0:
  version "3.2.0"
  resolved "http://npm.dui88.com:80/builtin-modules/-/builtin-modules-3.2.0.tgz#45d5db99e7ee5e6bc4f362e008bf917ab5049887"
  integrity sha1-RdXbmefuXmvE82LgCL+RerUEmIc=

caseless@^0.12.0:
  version "0.12.0"
  resolved "http://npm.dui88.com:80/caseless/-/caseless-0.12.0.tgz#1b681c21ff84033c826543090689420d187151dc"
  integrity sha1-G2gcIf+EAzyCZUMJBolCDRhxUdw=

chalk@^2.0.0, chalk@^2.4.2:
  version "2.4.2"
  resolved "http://npm.dui88.com:80/chalk/-/chalk-2.4.2.tgz#cd42541677a54333cf541a49108c1432b44c9424"
  integrity sha1-zUJUFnelQzPPVBpJEIwUMrRMlCQ=
  dependencies:
    ansi-styles "^3.2.1"
    escape-string-regexp "^1.0.5"
    supports-color "^5.3.0"

chokidar@^3.5.0:
  version "3.5.2"
  resolved "http://npm.dui88.com:80/chokidar/-/chokidar-3.5.2.tgz#dba3976fcadb016f66fd365021d91600d01c1e75"
  integrity sha1-26OXb8rbAW9m/TZQIdkWANAcHnU=
  dependencies:
    anymatch "~3.1.2"
    braces "~3.0.2"
    glob-parent "~5.1.2"
    is-binary-path "~2.1.0"
    is-glob "~4.0.1"
    normalize-path "~3.0.0"
    readdirp "~3.6.0"
  optionalDependencies:
    fsevents "~2.3.2"

color-convert@^1.9.0:
  version "1.9.3"
  resolved "http://npm.dui88.com:80/color-convert/-/color-convert-1.9.3.tgz#bb71850690e1f136567de629d2d5471deda4c1e8"
  integrity sha1-u3GFBpDh8TZWfeYp0tVHHe2kweg=
  dependencies:
    color-name "1.1.3"

color-name@1.1.3:
  version "1.1.3"
  resolved "http://npm.dui88.com:80/color-name/-/color-name-1.1.3.tgz#a7d0558bd89c42f795dd42328f740831ca53bc25"
  integrity sha1-p9BVi9icQveV3UIyj3QIMcpTvCU=

commander@^2.15.1, commander@^2.20.0:
  version "2.20.3"
  resolved "http://npm.dui88.com:80/commander/-/commander-2.20.3.tgz#fd485e84c03eb4881c20722ba48035e8531aeb33"
  integrity sha1-/UhehMA+tIgcIHIrpIA16FMa6zM=

concat-stream@^1.5.2, concat-stream@^1.6.2:
  version "1.6.2"
  resolved "http://npm.dui88.com:80/concat-stream/-/concat-stream-1.6.2.tgz#904bdf194cd3122fc675c77fc4ac3d4ff0fd1a34"
  integrity sha1-kEvfGUzTEi/Gdcd/xKw9T/D9GjQ=
  dependencies:
    buffer-from "^1.0.0"
    inherits "^2.0.3"
    readable-stream "^2.2.2"
    typedarray "^0.0.6"

core-util-is@~1.0.0:
  version "1.0.3"
  resolved "http://npm.dui88.com:80/core-util-is/-/core-util-is-1.0.3.tgz#a6042d3634c2b27e9328f837b965fac83808db85"
  integrity sha1-pgQtNjTCsn6TKPg3uWX6yDgI24U=

crypto-js@^4.1.1:
  version "4.1.1"
  resolved "http://npm.dui88.com:80/crypto-js/-/crypto-js-4.1.1.tgz#9e485bcf03521041bd85844786b83fb7619736cf"
  integrity sha1-nkhbzwNSEEG9hYRHhrg/t2GXNs8=

debug@4:
  version "4.3.3"
  resolved "http://npm.dui88.com:80/debug/-/debug-4.3.3.tgz#04266e0b70a98d4462e6e288e38259213332b664"
  integrity sha512-/zxw5+vh1Tfv+4Qn7a5nsbcJKPaSvCDhojn6FEl9vupwK2VCSDtEiEtqr8DFtzYFOdz63LBkxec7DYuc2jon6Q==
  dependencies:
    ms "2.1.2"

deep-is@~0.1.3:
  version "0.1.4"
  resolved "http://npm.dui88.com:80/deep-is/-/deep-is-0.1.4.tgz#a6f2dce612fadd2ef1f519b73551f17e85199831"
  integrity sha1-pvLc5hL63S7x9Rm3NVHxfoUZmDE=

deepmerge@^4.2.2:
  version "4.2.2"
  resolved "http://npm.dui88.com:80/deepmerge/-/deepmerge-4.2.2.tgz#44d2ea3679b8f4d4ffba33f03d865fc1e7bf4955"
  integrity sha1-RNLqNnm49NT/ujPwPYZfwee/SVU=

duplexify@^3.4.5:
  version "3.7.1"
  resolved "http://npm.dui88.com:80/duplexify/-/duplexify-3.7.1.tgz#2a4df5317f6ccfd91f86d6fd25d8d8a103b88309"
  integrity sha1-Kk31MX9sz9kfhtb9JdjYoQO4gwk=
  dependencies:
    end-of-stream "^1.0.0"
    inherits "^2.0.1"
    readable-stream "^2.0.0"
    stream-shift "^1.0.0"

end-of-stream@^1.0.0:
  version "1.4.4"
  resolved "http://npm.dui88.com:80/end-of-stream/-/end-of-stream-1.4.4.tgz#5ae64a5f45057baf3626ec14da0ca5e4b2431eb0"
  integrity sha1-WuZKX0UFe682JuwU2gyl5LJDHrA=
  dependencies:
    once "^1.4.0"

env-paths@^3.0.0:
  version "3.0.0"
  resolved "http://npm.dui88.com:80/env-paths/-/env-paths-3.0.0.tgz#2f1e89c2f6dbd3408e1b1711dd82d62e317f58da"
  integrity sha1-Lx6Jwvbb00COGxcR3YLWLjF/WNo=

escape-string-regexp@^1.0.5:
  version "1.0.5"
  resolved "http://npm.dui88.com:80/escape-string-regexp/-/escape-string-regexp-1.0.5.tgz#1b61c0562190a8dff6ae3bb2cf0200ca130b86d4"
  integrity sha1-G2HAViGQqN/2rjuyzwIAyhMLhtQ=

escodegen@^1.11.1:
  version "1.14.3"
  resolved "http://npm.dui88.com:80/escodegen/-/escodegen-1.14.3.tgz#4e7b81fba61581dc97582ed78cab7f0e8d63f503"
  integrity sha1-TnuB+6YVgdyXWC7XjKt/Do1j9QM=
  dependencies:
    esprima "^4.0.1"
    estraverse "^4.2.0"
    esutils "^2.0.2"
    optionator "^0.8.1"
  optionalDependencies:
    source-map "~0.6.1"

esprima@^4.0.1:
  version "4.0.1"
  resolved "http://npm.dui88.com:80/esprima/-/esprima-4.0.1.tgz#13b04cdb3e6c5d19df91ab6987a8695619b0aa71"
  integrity sha1-E7BM2z5sXRnfkatph6hpVhmwqnE=

estraverse@^4.2.0:
  version "4.3.0"
  resolved "http://npm.dui88.com:80/estraverse/-/estraverse-4.3.0.tgz#398ad3f3c5a24948be7725e83d11a7de28cdbd1d"
  integrity sha1-OYrT88WiSUi+dyXoPRGn3ijNvR0=

estree-walker@^0.6.1:
  version "0.6.1"
  resolved "http://npm.dui88.com:80/estree-walker/-/estree-walker-0.6.1.tgz#53049143f40c6eb918b23671d1fe3219f3a1b362"
  integrity sha1-UwSRQ/QMbrkYsjZx0f4yGfOhs2I=

estree-walker@^1.0.1:
  version "1.0.1"
  resolved "http://npm.dui88.com:80/estree-walker/-/estree-walker-1.0.1.tgz#31bc5d612c96b704106b477e6dd5d8aa138cb700"
  integrity sha1-MbxdYSyWtwQQa0d+bdXYqhOMtwA=

estree-walker@^2.0.1:
  version "2.0.2"
  resolved "http://npm.dui88.com:80/estree-walker/-/estree-walker-2.0.2.tgz#52f010178c2a4c117a7757cfe942adb7d2da4cac"
  integrity sha1-UvAQF4wqTBF6d1fP6UKtt9LaTKw=

esutils@^2.0.2:
  version "2.0.3"
  resolved "http://npm.dui88.com:80/esutils/-/esutils-2.0.3.tgz#74d2eb4de0b8da1293711910d50775b9b710ef64"
  integrity sha1-dNLrTeC42hKTcRkQ1Qd1ubcQ72Q=

events@^3.2.0:
  version "3.3.0"
  resolved "http://npm.dui88.com:80/events/-/events-3.3.0.tgz#31a95ad0a924e2d2c419a813aeb2c4e878ea7400"
  integrity sha1-Mala0Kkk4tLEGagTrrLE6HjqdAA=

falafel@^2.1.0:
  version "2.2.4"
  resolved "http://npm.dui88.com:80/falafel/-/falafel-2.2.4.tgz#b5d86c060c2412a43166243cb1bce44d1abd2819"
  integrity sha1-tdhsBgwkEqQxZiQ8sbzkTRq9KBk=
  dependencies:
    acorn "^7.1.1"
    foreach "^2.0.5"
    isarray "^2.0.1"
    object-keys "^1.0.6"

fast-levenshtein@~2.0.6:
  version "2.0.6"
  resolved "http://npm.dui88.com:80/fast-levenshtein/-/fast-levenshtein-2.0.6.tgz#3d8a5c66883a16a30ca8643e851f19baa7797917"
  integrity sha1-PYpcZog6FqMMqGQ+hR8Zuqd5eRc=

fill-range@^7.0.1:
  version "7.0.1"
  resolved "http://npm.dui88.com:80/fill-range/-/fill-range-7.0.1.tgz#1919a6a7c75fe38b2c7c77e5198535da9acdda40"
  integrity sha1-GRmmp8df44ssfHflGYU12prN2kA=
  dependencies:
    to-regex-range "^5.0.1"

foreach@^2.0.5:
  version "2.0.5"
  resolved "http://npm.dui88.com:80/foreach/-/foreach-2.0.5.tgz#0bee005018aeb260d0a3af3ae658dd0136ec1b99"
  integrity sha1-C+4AUBiusmDQo6865ljdATbsG5k=

from2@^2.3.0:
  version "2.3.0"
  resolved "http://npm.dui88.com:80/from2/-/from2-2.3.0.tgz#8bfb5502bde4a4d36cfdeea007fcca21d7e382af"
  integrity sha1-i/tVAr3kpNNs/e6gB/zKIdfjgq8=
  dependencies:
    inherits "^2.0.1"
    readable-stream "^2.0.0"

fsevents@~2.3.2:
  version "2.3.2"
  resolved "http://npm.dui88.com:80/fsevents/-/fsevents-2.3.2.tgz#8a526f78b8fdf4623b709e0b975c52c24c02fd1a"
  integrity sha1-ilJveLj99GI7cJ4Ll1xSwkwC/Ro=

function-bind@^1.1.1:
  version "1.1.1"
  resolved "http://npm.dui88.com:80/function-bind/-/function-bind-1.1.1.tgz#a56899d3ea3c9bab874bb9773b7c5ede92f4895d"
  integrity sha1-pWiZ0+o8m6uHS7l3O3xe3pL0iV0=

glob-parent@~5.1.2:
  version "5.1.2"
  resolved "http://npm.dui88.com:80/glob-parent/-/glob-parent-5.1.2.tgz#869832c58034fe68a4093c17dc15e8340d8401c4"
  integrity sha1-hpgyxYA0/mikCTwX3BXoNA2EAcQ=
  dependencies:
    is-glob "^4.0.1"

glsl-inject-defines@^1.0.1:
  version "1.0.3"
  resolved "http://npm.dui88.com:80/glsl-inject-defines/-/glsl-inject-defines-1.0.3.tgz#dd1aacc2c17fcb2bd3fc32411c6633d0d7b60fd4"
  integrity sha1-3RqswsF/yyvT/DJBHGYz0Ne2D9Q=
  dependencies:
    glsl-token-inject-block "^1.0.0"
    glsl-token-string "^1.0.1"
    glsl-tokenizer "^2.0.2"

glsl-noise@^0.0.0:
  version "0.0.0"
  resolved "http://npm.dui88.com:80/glsl-noise/-/glsl-noise-0.0.0.tgz#367745f3a33382c0eeec4cb54b7e99cfc1d7670b"
  integrity sha1-NndF86MzgsDu7Ey1S36Zz8HXZws=

glsl-resolve@0.0.1:
  version "0.0.1"
  resolved "http://npm.dui88.com:80/glsl-resolve/-/glsl-resolve-0.0.1.tgz#894bef73910d792c81b5143180035d0a78af76d3"
  integrity sha1-iUvvc5ENeSyBtRQxgANdCnivdtM=
  dependencies:
    resolve "^0.6.1"
    xtend "^2.1.2"

glsl-token-assignments@^2.0.0:
  version "2.0.2"
  resolved "http://npm.dui88.com:80/glsl-token-assignments/-/glsl-token-assignments-2.0.2.tgz#a5d82ab78499c2e8a6b83cb69495e6e665ce019f"
  integrity sha1-pdgqt4SZwuimuDy2lJXm5mXOAZ8=

glsl-token-defines@^1.0.0:
  version "1.0.0"
  resolved "http://npm.dui88.com:80/glsl-token-defines/-/glsl-token-defines-1.0.0.tgz#cb892aa959936231728470d4f74032489697fa9d"
  integrity sha1-y4kqqVmTYjFyhHDU90AySJaX+p0=
  dependencies:
    glsl-tokenizer "^2.0.0"

glsl-token-depth@^1.1.0, glsl-token-depth@^1.1.1:
  version "1.1.2"
  resolved "http://npm.dui88.com:80/glsl-token-depth/-/glsl-token-depth-1.1.2.tgz#23c5e30ee2bd255884b4a28bc850b8f791e95d84"
  integrity sha1-I8XjDuK9JViEtKKLyFC495HpXYQ=

glsl-token-descope@^1.0.2:
  version "1.0.2"
  resolved "http://npm.dui88.com:80/glsl-token-descope/-/glsl-token-descope-1.0.2.tgz#0fc90ab326186b82f597b2e77dc9e21efcd32076"
  integrity sha1-D8kKsyYYa4L1l7LnfcniHvzTIHY=
  dependencies:
    glsl-token-assignments "^2.0.0"
    glsl-token-depth "^1.1.0"
    glsl-token-properties "^1.0.0"
    glsl-token-scope "^1.1.0"

glsl-token-inject-block@^1.0.0:
  version "1.1.0"
  resolved "http://npm.dui88.com:80/glsl-token-inject-block/-/glsl-token-inject-block-1.1.0.tgz#e1015f5980c1091824adaa2625f1dfde8bd00034"
  integrity sha1-4QFfWYDBCRgkraomJfHf3ovQADQ=

glsl-token-properties@^1.0.0:
  version "1.0.1"
  resolved "http://npm.dui88.com:80/glsl-token-properties/-/glsl-token-properties-1.0.1.tgz#483dc3d839f0d4b5c6171d1591f249be53c28a9e"
  integrity sha1-SD3D2Dnw1LXGFx0VkfJJvlPCip4=

glsl-token-scope@^1.1.0, glsl-token-scope@^1.1.1:
  version "1.1.2"
  resolved "http://npm.dui88.com:80/glsl-token-scope/-/glsl-token-scope-1.1.2.tgz#a1728e78df24444f9cb93fd18ef0f75503a643b1"
  integrity sha1-oXKOeN8kRE+cuT/RjvD3VQOmQ7E=

glsl-token-string@^1.0.1:
  version "1.0.1"
  resolved "http://npm.dui88.com:80/glsl-token-string/-/glsl-token-string-1.0.1.tgz#59441d2f857de7c3449c945666021ece358e48ec"
  integrity sha1-WUQdL4V958NEnJRWZgIezjWOSOw=

glsl-token-whitespace-trim@^1.0.0:
  version "1.0.0"
  resolved "http://npm.dui88.com:80/glsl-token-whitespace-trim/-/glsl-token-whitespace-trim-1.0.0.tgz#46d1dfe98c75bd7d504c05d7d11b1b3e9cc93b10"
  integrity sha1-RtHf6Yx1vX1QTAXX0RsbPpzJOxA=

glsl-tokenizer@^2.0.0, glsl-tokenizer@^2.0.2:
  version "2.1.5"
  resolved "http://npm.dui88.com:80/glsl-tokenizer/-/glsl-tokenizer-2.1.5.tgz#1c2e78c16589933c274ba278d0a63b370c5fee1a"
  integrity sha1-HC54wWWJkzwnS6J40KY7Nwxf7ho=
  dependencies:
    through2 "^0.6.3"

glslify-bundle@^5.0.0:
  version "5.1.1"
  resolved "http://npm.dui88.com:80/glslify-bundle/-/glslify-bundle-5.1.1.tgz#30d2ddf2e6b935bf44d1299321e3b729782c409a"
  integrity sha1-MNLd8ua5Nb9E0SmTIeO3KXgsQJo=
  dependencies:
    glsl-inject-defines "^1.0.1"
    glsl-token-defines "^1.0.0"
    glsl-token-depth "^1.1.1"
    glsl-token-descope "^1.0.2"
    glsl-token-scope "^1.1.1"
    glsl-token-string "^1.0.1"
    glsl-token-whitespace-trim "^1.0.0"
    glsl-tokenizer "^2.0.2"
    murmurhash-js "^1.0.0"
    shallow-copy "0.0.1"

glslify-deps@^1.2.5:
  version "1.3.2"
  resolved "http://npm.dui88.com:80/glslify-deps/-/glslify-deps-1.3.2.tgz#c09ee945352bfc07ac2d8a1cc9e3de776328c72b"
  integrity sha1-wJ7pRTUr/AesLYocyePed2Moxys=
  dependencies:
    "@choojs/findup" "^0.2.0"
    events "^3.2.0"
    glsl-resolve "0.0.1"
    glsl-tokenizer "^2.0.0"
    graceful-fs "^4.1.2"
    inherits "^2.0.1"
    map-limit "0.0.1"
    resolve "^1.0.0"

glslify@^7.1.1:
  version "7.1.1"
  resolved "http://npm.dui88.com:80/glslify/-/glslify-7.1.1.tgz#454d9172b410cb49864029c86d5613947fefd30b"
  integrity sha1-RU2RcrQQy0mGQCnIbVYTlH/v0ws=
  dependencies:
    bl "^2.2.1"
    concat-stream "^1.5.2"
    duplexify "^3.4.5"
    falafel "^2.1.0"
    from2 "^2.3.0"
    glsl-resolve "0.0.1"
    glsl-token-whitespace-trim "^1.0.0"
    glslify-bundle "^5.0.0"
    glslify-deps "^1.2.5"
    minimist "^1.2.5"
    resolve "^1.1.5"
    stack-trace "0.0.9"
    static-eval "^2.0.5"
    through2 "^2.0.1"
    xtend "^4.0.0"

graceful-fs@^4.1.2:
  version "4.2.8"
  resolved "http://npm.dui88.com:80/graceful-fs/-/graceful-fs-4.2.8.tgz#e412b8d33f5e006593cbd3cee6df9f2cebbe802a"
  integrity sha1-5BK40z9eAGWTy9PO5t+fLOu+gCo=

has-flag@^3.0.0:
  version "3.0.0"
  resolved "http://npm.dui88.com:80/has-flag/-/has-flag-3.0.0.tgz#b5d454dc2199ae225699f3467e5a07f3b955bafd"
  integrity sha1-tdRU3CGZriJWmfNGfloH87lVuv0=

has-flag@^4.0.0:
  version "4.0.0"
  resolved "http://npm.dui88.com:80/has-flag/-/has-flag-4.0.0.tgz#944771fd9c81c81265c4d6941860da06bb59479b"
  integrity sha1-lEdx/ZyByBJlxNaUGGDaBrtZR5s=

has@^1.0.3:
  version "1.0.3"
  resolved "http://npm.dui88.com:80/has/-/has-1.0.3.tgz#722d7cbfc1f6aa8241f16dd814e011e1f41e8796"
  integrity sha1-ci18v8H2qoJB8W3YFOAR4fQeh5Y=
  dependencies:
    function-bind "^1.1.1"

http-response-object@^3.0.1:
  version "3.0.2"
  resolved "http://npm.dui88.com:80/http-response-object/-/http-response-object-3.0.2.tgz#7f435bb210454e4360d074ef1f989d5ea8aa9810"
  integrity sha1-f0NbshBFTkNg0HTvH5idXqiqmBA=
  dependencies:
    "@types/node" "^10.0.3"

https-proxy-agent@^5.0.0:
  version "5.0.0"
  resolved "http://npm.dui88.com:80/https-proxy-agent/-/https-proxy-agent-5.0.0.tgz#e2a90542abb68a762e0a0850f6c9edadfd8506b2"
  integrity sha1-4qkFQqu2inYuCghQ9sntrf2FBrI=
  dependencies:
    agent-base "6"
    debug "4"

inherits@^2.0.1, inherits@^2.0.3, inherits@~2.0.1, inherits@~2.0.3:
  version "2.0.4"
  resolved "http://npm.dui88.com:80/inherits/-/inherits-2.0.4.tgz#0fa2c64f932917c3433a0ded55363aae37416b7c"
  integrity sha1-D6LGT5MpF8NDOg3tVTY6rjdBa3w=

is-binary-path@~2.1.0:
  version "2.1.0"
  resolved "http://npm.dui88.com:80/is-binary-path/-/is-binary-path-2.1.0.tgz#ea1f7f3b80f064236e83470f86c09c254fb45b09"
  integrity sha1-6h9/O4DwZCNug0cPhsCcJU+0Wwk=
  dependencies:
    binary-extensions "^2.0.0"

is-core-module@^2.2.0:
  version "2.6.0"
  resolved "http://npm.dui88.com:80/is-core-module/-/is-core-module-2.6.0.tgz#d7553b2526fe59b92ba3e40c8df757ec8a709e19"
  integrity sha1-11U7JSb+Wbkro+QMjfdX7Ipwnhk=
  dependencies:
    has "^1.0.3"

is-extglob@^2.1.1:
  version "2.1.1"
  resolved "http://npm.dui88.com:80/is-extglob/-/is-extglob-2.1.1.tgz#a88c02535791f02ed37c76a1b9ea9773c833f8c2"
  integrity sha1-qIwCU1eR8C7TfHahueqXc8gz+MI=

is-glob@^4.0.1, is-glob@~4.0.1:
  version "4.0.1"
  resolved "http://npm.dui88.com:80/is-glob/-/is-glob-4.0.1.tgz#7567dbe9f2f5e2467bc77ab83c4a29482407a5dc"
  integrity sha1-dWfb6fL14kZ7x3q4PEopSCQHpdw=
  dependencies:
    is-extglob "^2.1.1"

is-module@^1.0.0:
  version "1.0.0"
  resolved "http://npm.dui88.com:80/is-module/-/is-module-1.0.0.tgz#3258fb69f78c14d5b815d664336b4cffb6441591"
  integrity sha1-Mlj7afeMFNW4FdZkM2tM/7ZEFZE=

is-number@^7.0.0:
  version "7.0.0"
  resolved "http://npm.dui88.com:80/is-number/-/is-number-7.0.0.tgz#7535345b896734d5f80c4d06c50955527a14f12b"
  integrity sha1-dTU0W4lnNNX4DE0GxQlVUnoU8Ss=

is-reference@^1.1.2:
  version "1.2.1"
  resolved "http://npm.dui88.com:80/is-reference/-/is-reference-1.2.1.tgz#8b2dac0b371f4bc994fdeaba9eb542d03002d0b7"
  integrity sha1-iy2sCzcfS8mU/eq6nrVC0DAC0Lc=
  dependencies:
    "@types/estree" "*"

isarray@0.0.1:
  version "0.0.1"
  resolved "http://npm.dui88.com:80/isarray/-/isarray-0.0.1.tgz#8a18acfca9a8f4177e09abfc6038939b05d1eedf"
  integrity sha1-ihis/Kmo9Bd+Cav8YDiTmwXR7t8=

isarray@^2.0.1:
  version "2.0.5"
  resolved "http://npm.dui88.com:80/isarray/-/isarray-2.0.5.tgz#8af1e4c1221244cc62459faf38940d4e644a5723"
  integrity sha1-ivHkwSISRMxiRZ+vOJQNTmRKVyM=

isarray@~1.0.0:
  version "1.0.0"
  resolved "http://npm.dui88.com:80/isarray/-/isarray-1.0.0.tgz#bb935d48582cba168c06834957a54a3e07124f11"
  integrity sha1-u5NdSFgsuhaMBoNJV6VKPgcSTxE=

jest-worker@^26.2.1:
  version "26.6.2"
  resolved "http://npm.dui88.com:80/jest-worker/-/jest-worker-26.6.2.tgz#7f72cbc4d643c365e27b9fd775f9d0eaa9c7a8ed"
  integrity sha1-f3LLxNZDw2Xie5/XdfnQ6qnHqO0=
  dependencies:
    "@types/node" "*"
    merge-stream "^2.0.0"
    supports-color "^7.0.0"

js-tokens@^4.0.0:
  version "4.0.0"
  resolved "http://npm.dui88.com:80/js-tokens/-/js-tokens-4.0.0.tgz#19203fb59991df98e3a287050d4647cdeaf32499"
  integrity sha1-GSA/tZmR35jjoocFDUZHzerzJJk=

levn@~0.3.0:
  version "0.3.0"
  resolved "http://npm.dui88.com:80/levn/-/levn-0.3.0.tgz#3b09924edf9f083c0490fdd4c0bc4421e04764ee"
  integrity sha1-OwmSTt+fCDwEkP3UwLxEIeBHZO4=
  dependencies:
    prelude-ls "~1.1.2"
    type-check "~0.3.2"

livereload-js@^3.3.1:
  version "3.3.2"
  resolved "http://npm.dui88.com:80/livereload-js/-/livereload-js-3.3.2.tgz#c88b009c6e466b15b91faa26fd7c99d620e12651"
  integrity sha1-yIsAnG5GaxW5H6om/XyZ1iDhJlE=

livereload@^0.9.1:
  version "0.9.3"
  resolved "http://npm.dui88.com:80/livereload/-/livereload-0.9.3.tgz#a714816375ed52471408bede8b49b2ee6a0c55b1"
  integrity sha1-pxSBY3XtUkcUCL7ei0my7moMVbE=
  dependencies:
    chokidar "^3.5.0"
    livereload-js "^3.3.1"
    opts ">= 1.2.0"
    ws "^7.4.3"

lru-cache@^6.0.0:
  version "6.0.0"
  resolved "http://npm.dui88.com:80/lru-cache/-/lru-cache-6.0.0.tgz#6d6fe6570ebd96aaf90fcad1dafa3b2566db3a94"
  integrity sha1-bW/mVw69lqr5D8rR2vo7JWbbOpQ=
  dependencies:
    yallist "^4.0.0"

magic-string@^0.25.2, magic-string@^0.25.7:
  version "0.25.7"
  resolved "http://npm.dui88.com:80/magic-string/-/magic-string-0.25.7.tgz#3f497d6fd34c669c6798dcb821f2ef31f5445051"
  integrity sha1-P0l9b9NMZpxnmNy4IfLvMfVEUFE=
  dependencies:
    sourcemap-codec "^1.4.4"

map-limit@0.0.1:
  version "0.0.1"
  resolved "http://npm.dui88.com:80/map-limit/-/map-limit-0.0.1.tgz#eb7961031c0f0e8d001bf2d56fab685d58822f38"
  integrity sha1-63lhAxwPDo0AG/LVb6toXViCLzg=
  dependencies:
    once "~1.3.0"

merge-stream@^2.0.0:
  version "2.0.0"
  resolved "http://npm.dui88.com:80/merge-stream/-/merge-stream-2.0.0.tgz#52823629a14dd00c9770fb6ad47dc6310f2c1f60"
  integrity sha1-UoI2KaFN0AyXcPtq1H3GMQ8sH2A=

mime@>=2.4.6:
  version "2.5.2"
  resolved "http://npm.dui88.com:80/mime/-/mime-2.5.2.tgz#6e3dc6cc2b9510643830e5f19d5cb753da5eeabe"
  integrity sha1-bj3GzCuVEGQ4MOXxnVy3U9pe6r4=

minimist@^1.2.5:
  version "1.2.5"
  resolved "http://npm.dui88.com:80/minimist/-/minimist-1.2.5.tgz#67d66014b66a6a8aaa0c083c5fd58df4e4e97602"
  integrity sha1-Z9ZgFLZqaoqqDAg8X9WN9OTpdgI=

ms@2.1.2:
  version "2.1.2"
  resolved "http://npm.dui88.com:80/ms/-/ms-2.1.2.tgz#d09d1f357b443f493382a8eb3ccd183872ae6009"
  integrity sha1-0J0fNXtEP0kzgqjrPM0YOHKuYAk=

murmurhash-js@^1.0.0:
  version "1.0.0"
  resolved "http://npm.dui88.com:80/murmurhash-js/-/murmurhash-js-1.0.0.tgz#b06278e21fc6c37fa5313732b0412bcb6ae15f51"
  integrity sha1-sGJ44h/Gw3+lMTcysEEry2rhX1E=

normalize-path@^3.0.0, normalize-path@~3.0.0:
  version "3.0.0"
  resolved "http://npm.dui88.com:80/normalize-path/-/normalize-path-3.0.0.tgz#0dcd69ff23a1c9b11fd0978316644a0388216a65"
  integrity sha1-Dc1p/yOhybEf0JeDFmRKA4ghamU=

object-keys@^1.0.6:
  version "1.1.1"
  resolved "http://npm.dui88.com:80/object-keys/-/object-keys-1.1.1.tgz#1c47f272df277f3b1daf061677d9c82e2322c60e"
  integrity sha1-HEfyct8nfzsdrwYWd9nILiMixg4=

once@^1.4.0:
  version "1.4.0"
  resolved "http://npm.dui88.com:80/once/-/once-1.4.0.tgz#583b1aa775961d4b113ac17d9c50baef9dd76bd1"
  integrity sha1-WDsap3WWHUsROsF9nFC6753Xa9E=
  dependencies:
    wrappy "1"

once@~1.3.0:
  version "1.3.3"
  resolved "http://npm.dui88.com:80/once/-/once-1.3.3.tgz#b2e261557ce4c314ec8304f3fa82663e4297ca20"
  integrity sha1-suJhVXzkwxTsgwTz+oJmPkKXyiA=
  dependencies:
    wrappy "1"

opener@1:
  version "1.5.2"
  resolved "http://npm.dui88.com:80/opener/-/opener-1.5.2.tgz#5d37e1f35077b9dcac4301372271afdeb2a13598"
  integrity sha1-XTfh81B3udysQwE3InGv3rKhNZg=

optionator@^0.8.1:
  version "0.8.3"
  resolved "http://npm.dui88.com:80/optionator/-/optionator-0.8.3.tgz#84fa1d036fe9d3c7e21d99884b601167ec8fb495"
  integrity sha1-hPodA2/p08fiHZmIS2ARZ+yPtJU=
  dependencies:
    deep-is "~0.1.3"
    fast-levenshtein "~2.0.6"
    levn "~0.3.0"
    prelude-ls "~1.1.2"
    type-check "~0.3.2"
    word-wrap "~1.2.3"

"opts@>= 1.2.0":
  version "2.0.2"
  resolved "http://npm.dui88.com:80/opts/-/opts-2.0.2.tgz#a17e189fbbfee171da559edd8a42423bc5993ce1"
  integrity sha1-oX4Yn7v+4XHaVZ7dikJCO8WZPOE=

package-version-increment@^1.0.2:
  version "1.0.2"
  resolved "http://npm.dui88.com:80/package-version-increment/-/package-version-increment-1.0.2.tgz#5940f1acfa1eecfcf2e4fea7cd4fb9a678df74bf"
  integrity sha1-WUDxrPoe7Pzy5P6nzU+5pnjfdL8=
  dependencies:
    semver "^7.3.5"

parse-cache-control@^1.0.1:
  version "1.0.1"
  resolved "http://npm.dui88.com:80/parse-cache-control/-/parse-cache-control-1.0.1.tgz#8eeab3e54fa56920fe16ba38f77fa21aacc2d74e"
  integrity sha1-juqz5U+laSD+Fro493+iGqzC104=

path-parse@^1.0.6:
  version "1.0.7"
  resolved "http://npm.dui88.com:80/path-parse/-/path-parse-1.0.7.tgz#fbc114b60ca42b30d9daf5858e4bd68bbedb6735"
  integrity sha1-+8EUtgykKzDZ2vWFjkvWi77bZzU=

picomatch@^2.0.4, picomatch@^2.2.1, picomatch@^2.2.2:
  version "2.3.0"
  resolved "http://npm.dui88.com:80/picomatch/-/picomatch-2.3.0.tgz#f1f061de8f6a4bf022892e2d128234fb98302972"
  integrity sha1-8fBh3o9qS/AiiS4tEoI0+5gwKXI=

prelude-ls@~1.1.2:
  version "1.1.2"
  resolved "http://npm.dui88.com:80/prelude-ls/-/prelude-ls-1.1.2.tgz#21932a549f5e52ffd9a827f570e04be62a97da54"
  integrity sha1-IZMqVJ9eUv/ZqCf1cOBL5iqX2lQ=

process-nextick-args@~2.0.0:
  version "2.0.1"
  resolved "http://npm.dui88.com:80/process-nextick-args/-/process-nextick-args-2.0.1.tgz#7820d9b16120cc55ca9ae7792680ae7dba6d7fe2"
  integrity sha1-eCDZsWEgzFXKmud5JoCufbptf+I=

progress@^2.0.3:
  version "2.0.3"
  resolved "http://npm.dui88.com:80/progress/-/progress-2.0.3.tgz#7e8cf8d8f5b8f239c1bc68beb4eb78567d572ef8"
  integrity sha1-foz42PW48jnBvGi+tOt4Vn1XLvg=

randombytes@^2.1.0:
  version "2.1.0"
  resolved "http://npm.dui88.com:80/randombytes/-/randombytes-2.1.0.tgz#df6f84372f0270dc65cdf6291349ab7a473d4f2a"
  integrity sha1-32+ENy8CcNxlzfYpE0mrekc9Tyo=
  dependencies:
    safe-buffer "^5.1.0"

"readable-stream@>=1.0.33-1 <1.1.0-0":
  version "1.0.34"
  resolved "http://npm.dui88.com:80/readable-stream/-/readable-stream-1.0.34.tgz#125820e34bc842d2f2aaafafe4c2916ee32c157c"
  integrity sha1-Elgg40vIQtLyqq+v5MKRbuMsFXw=
  dependencies:
    core-util-is "~1.0.0"
    inherits "~2.0.1"
    isarray "0.0.1"
    string_decoder "~0.10.x"

readable-stream@^2.0.0, readable-stream@^2.2.2, readable-stream@^2.3.5, readable-stream@~2.3.6:
  version "2.3.7"
  resolved "http://npm.dui88.com:80/readable-stream/-/readable-stream-2.3.7.tgz#1eca1cf711aef814c04f62252a36a62f6cb23b57"
  integrity sha1-Hsoc9xGu+BTAT2IlKjamL2yyO1c=
  dependencies:
    core-util-is "~1.0.0"
    inherits "~2.0.3"
    isarray "~1.0.0"
    process-nextick-args "~2.0.0"
    safe-buffer "~5.1.1"
    string_decoder "~1.1.1"
    util-deprecate "~1.0.1"

readdirp@~3.6.0:
  version "3.6.0"
  resolved "http://npm.dui88.com:80/readdirp/-/readdirp-3.6.0.tgz#74a370bd857116e245b29cc97340cd431a02a6c7"
  integrity sha1-dKNwvYVxFuJFspzJc0DNQxoCpsc=
  dependencies:
    picomatch "^2.2.1"

resolve@^0.6.1:
  version "0.6.3"
  resolved "http://npm.dui88.com:80/resolve/-/resolve-0.6.3.tgz#dd957982e7e736debdf53b58a4dd91754575dd46"
  integrity sha1-3ZV5gufnNt699TtYpN2RdUV13UY=

resolve@^1.0.0, resolve@^1.1.5, resolve@^1.11.0, resolve@^1.17.0, resolve@^1.19.0:
  version "1.20.0"
  resolved "http://npm.dui88.com:80/resolve/-/resolve-1.20.0.tgz#629a013fb3f70755d6f0b7935cc1c2c5378b1975"
  integrity sha1-YpoBP7P3B1XW8LeTXMHCxTeLGXU=
  dependencies:
    is-core-module "^2.2.0"
    path-parse "^1.0.6"

rollup-plugin-commonjs@^10.1.0:
  version "10.1.0"
  resolved "http://npm.dui88.com:80/rollup-plugin-commonjs/-/rollup-plugin-commonjs-10.1.0.tgz#417af3b54503878e084d127adf4d1caf8beb86fb"
  integrity sha1-QXrztUUDh44ITRJ6300cr4vrhvs=
  dependencies:
    estree-walker "^0.6.1"
    is-reference "^1.1.2"
    magic-string "^0.25.2"
    resolve "^1.11.0"
    rollup-pluginutils "^2.8.1"

rollup-plugin-glsl-optimize@^1.0.4:
  version "1.0.4"
  resolved "http://npm.dui88.com:80/rollup-plugin-glsl-optimize/-/rollup-plugin-glsl-optimize-1.0.4.tgz#5e2380884c863443683eb44f2587a155ccbb6e8c"
  integrity sha1-XiOAiEyGNENoPrRPJYehVcy7bow=
  dependencies:
    "@derhuerst/http-basic" "^8.2.1"
    "@rollup/pluginutils" "^4.1.0"
    adm-zip "^0.5.4"
    env-paths "^3.0.0"
    https-proxy-agent "^5.0.0"
    magic-string "^0.25.7"
    progress "^2.0.3"

rollup-plugin-glslify@^1.2.1:
  version "1.2.1"
  resolved "http://npm.dui88.com:80/rollup-plugin-glslify/-/rollup-plugin-glslify-1.2.1.tgz#cc49d930bfc7b7a70eeb95b409fbbf42d6ff373d"
  integrity sha1-zEnZML/Ht6cO65W0Cfu/Qtb/Nz0=
  dependencies:
    glslify "^7.1.1"
    rollup-pluginutils "^2.8.2"

rollup-plugin-livereload@^2.0.5:
  version "2.0.5"
  resolved "http://npm.dui88.com:80/rollup-plugin-livereload/-/rollup-plugin-livereload-2.0.5.tgz#4747fa292a2cceb0c972c573d71b3d66b4252b37"
  integrity sha1-R0f6KSoszrDJcsVz1xs9ZrQlKzc=
  dependencies:
    livereload "^0.9.1"

rollup-plugin-progress@^1.1.2:
  version "1.1.2"
  resolved "http://npm.dui88.com:80/rollup-plugin-progress/-/rollup-plugin-progress-1.1.2.tgz#5c1dfe7c50f654906bc34d167d5512ee1a4b72d5"
  integrity sha1-XB3+fFD2VJBrw00WfVUS7hpLctU=
  dependencies:
    chalk "^2.4.2"

rollup-plugin-replace@^2.2.0:
  version "2.2.0"
  resolved "http://npm.dui88.com:80/rollup-plugin-replace/-/rollup-plugin-replace-2.2.0.tgz#f41ae5372e11e7a217cde349c8b5d5fd115e70e3"
  integrity sha1-9BrlNy4R56IXzeNJyLXV/RFecOM=
  dependencies:
    magic-string "^0.25.2"
    rollup-pluginutils "^2.6.0"

rollup-plugin-serve@^1.1.0:
  version "1.1.0"
  resolved "http://npm.dui88.com:80/rollup-plugin-serve/-/rollup-plugin-serve-1.1.0.tgz#0654a57021a21b903340c69940f7463706e8288d"
  integrity sha1-BlSlcCGiG5AzQMaZQPdGNwboKI0=
  dependencies:
    mime ">=2.4.6"
    opener "1"

rollup-plugin-terser@^7.0.2:
  version "7.0.2"
  resolved "http://npm.dui88.com:80/rollup-plugin-terser/-/rollup-plugin-terser-7.0.2.tgz#e8fbba4869981b2dc35ae7e8a502d5c6c04d324d"
  integrity sha1-6Pu6SGmYGy3DWufopQLVxsBNMk0=
  dependencies:
    "@babel/code-frame" "^7.10.4"
    jest-worker "^26.2.1"
    serialize-javascript "^4.0.0"
    terser "^5.0.0"

rollup-pluginutils@^2.6.0, rollup-pluginutils@^2.8.1, rollup-pluginutils@^2.8.2:
  version "2.8.2"
  resolved "http://npm.dui88.com:80/rollup-pluginutils/-/rollup-pluginutils-2.8.2.tgz#72f2af0748b592364dbd3389e600e5a9444a351e"
  integrity sha1-cvKvB0i1kjZNvTOJ5gDlqURKNR4=
  dependencies:
    estree-walker "^0.6.1"

rollup@^2.61.1:
  version "2.61.1"
  resolved "http://npm.dui88.com:80/rollup/-/rollup-2.61.1.tgz#1a5491f84543cf9e4caf6c61222d9a3f8f2ba454"
  integrity sha512-BbTXlEvB8d+XFbK/7E5doIcRtxWPRiqr0eb5vQ0+2paMM04Ye4PZY5nHOQef2ix24l/L0SpLd5hwcH15QHPdvA==
  optionalDependencies:
    fsevents "~2.3.2"

safe-buffer@^5.1.0, safe-buffer@^5.1.1:
  version "5.2.1"
  resolved "http://npm.dui88.com:80/safe-buffer/-/safe-buffer-5.2.1.tgz#1eaf9fa9bdb1fdd4ec75f58f9cdb4e6b7827eec6"
  integrity sha1-Hq+fqb2x/dTsdfWPnNtOa3gn7sY=

safe-buffer@~5.1.0, safe-buffer@~5.1.1:
  version "5.1.2"
  resolved "http://npm.dui88.com:80/safe-buffer/-/safe-buffer-5.1.2.tgz#991ec69d296e0313747d59bdfd2b745c35f8828d"
  integrity sha1-mR7GnSluAxN0fVm9/St0XDX4go0=

semver@^7.3.5:
  version "7.3.5"
  resolved "http://npm.dui88.com:80/semver/-/semver-7.3.5.tgz#0b621c879348d8998e4b0e4be94b3f12e6018ef7"
  integrity sha1-C2Ich5NI2JmOSw5L6Us/EuYBjvc=
  dependencies:
    lru-cache "^6.0.0"

serialize-javascript@^4.0.0:
  version "4.0.0"
  resolved "http://npm.dui88.com:80/serialize-javascript/-/serialize-javascript-4.0.0.tgz#b525e1238489a5ecfc42afacc3fe99e666f4b1aa"
  integrity sha1-tSXhI4SJpez8Qq+sw/6Z5mb0sao=
  dependencies:
    randombytes "^2.1.0"

shallow-copy@0.0.1:
  version "0.0.1"
  resolved "http://npm.dui88.com:80/shallow-copy/-/shallow-copy-0.0.1.tgz#415f42702d73d810330292cc5ee86eae1a11a170"
  integrity sha1-QV9CcC1z2BAzApLMXuhurhoRoXA=

source-map-support@~0.5.19:
  version "0.5.19"
  resolved "http://npm.dui88.com:80/source-map-support/-/source-map-support-0.5.19.tgz#a98b62f86dcaf4f67399648c085291ab9e8fed61"
  integrity sha1-qYti+G3K9PZzmWSMCFKRq56P7WE=
  dependencies:
    buffer-from "^1.0.0"
    source-map "^0.6.0"

source-map@^0.6.0, source-map@~0.6.1:
  version "0.6.1"
  resolved "http://npm.dui88.com:80/source-map/-/source-map-0.6.1.tgz#74722af32e9614e9c287a8d0bbde48b5e2f1a263"
  integrity sha1-dHIq8y6WFOnCh6jQu95IteLxomM=

source-map@~0.7.2:
  version "0.7.3"
  resolved "http://npm.dui88.com:80/source-map/-/source-map-0.7.3.tgz#5302f8169031735226544092e64981f751750383"
  integrity sha1-UwL4FpAxc1ImVECS5kmB91F1A4M=

sourcemap-codec@^1.4.4:
  version "1.4.8"
  resolved "http://npm.dui88.com:80/sourcemap-codec/-/sourcemap-codec-1.4.8.tgz#ea804bd94857402e6992d05a38ef1ae35a9ab4c4"
  integrity sha1-6oBL2UhXQC5pktBaOO8a41qatMQ=

stack-trace@0.0.9:
  version "0.0.9"
  resolved "http://npm.dui88.com:80/stack-trace/-/stack-trace-0.0.9.tgz#a8f6eaeca90674c333e7c43953f275b451510695"
  integrity sha1-qPbq7KkGdMMz58Q5U/J1tFFRBpU=

static-eval@^2.0.5:
  version "2.1.0"
  resolved "http://npm.dui88.com:80/static-eval/-/static-eval-2.1.0.tgz#a16dbe54522d7fa5ef1389129d813fd47b148014"
  integrity sha1-oW2+VFItf6XvE4kSnYE/1HsUgBQ=
  dependencies:
    escodegen "^1.11.1"

stream-shift@^1.0.0:
  version "1.0.1"
  resolved "http://npm.dui88.com:80/stream-shift/-/stream-shift-1.0.1.tgz#d7088281559ab2778424279b0877da3c392d5a3d"
  integrity sha1-1wiCgVWasneEJCebCHfaPDktWj0=

string_decoder@~0.10.x:
  version "0.10.31"
  resolved "http://npm.dui88.com:80/string_decoder/-/string_decoder-0.10.31.tgz#62e203bc41766c6c28c9fc84301dab1c5310fa94"
  integrity sha1-YuIDvEF2bGwoyfyEMB2rHFMQ+pQ=

string_decoder@~1.1.1:
  version "1.1.1"
  resolved "http://npm.dui88.com:80/string_decoder/-/string_decoder-1.1.1.tgz#9cf1611ba62685d7030ae9e4ba34149c3af03fc8"
  integrity sha1-nPFhG6YmhdcDCunkujQUnDrwP8g=
  dependencies:
    safe-buffer "~5.1.0"

supports-color@^5.3.0:
  version "5.5.0"
  resolved "http://npm.dui88.com:80/supports-color/-/supports-color-5.5.0.tgz#e2e69a44ac8772f78a1ec0b35b689df6530efc8f"
  integrity sha1-4uaaRKyHcveKHsCzW2id9lMO/I8=
  dependencies:
    has-flag "^3.0.0"

supports-color@^7.0.0:
  version "7.2.0"
  resolved "http://npm.dui88.com:80/supports-color/-/supports-color-7.2.0.tgz#1b7dcdcb32b8138801b3e478ba6a51caa89648da"
  integrity sha1-G33NyzK4E4gBs+R4umpRyqiWSNo=
  dependencies:
    has-flag "^4.0.0"

terser@^5.0.0:
  version "5.7.2"
  resolved "http://npm.dui88.com:80/terser/-/terser-5.7.2.tgz#d4d95ed4f8bf735cb933e802f2a1829abf545e3f"
  integrity sha1-1Nle1Pi/c1y5M+gC8qGCmr9UXj8=
  dependencies:
    commander "^2.20.0"
    source-map "~0.7.2"
    source-map-support "~0.5.19"

through2@^0.6.3:
  version "0.6.5"
  resolved "http://npm.dui88.com:80/through2/-/through2-0.6.5.tgz#41ab9c67b29d57209071410e1d7a7a968cd3ad48"
  integrity sha1-QaucZ7KdVyCQcUEOHXp6lozTrUg=
  dependencies:
    readable-stream ">=1.0.33-1 <1.1.0-0"
    xtend ">=4.0.0 <4.1.0-0"

through2@^2.0.1:
  version "2.0.5"
  resolved "http://npm.dui88.com:80/through2/-/through2-2.0.5.tgz#01c1e39eb31d07cb7d03a96a70823260b23132cd"
  integrity sha1-AcHjnrMdB8t9A6lqcIIyYLIxMs0=
  dependencies:
    readable-stream "~2.3.6"
    xtend "~4.0.1"

to-regex-range@^5.0.1:
  version "5.0.1"
  resolved "http://npm.dui88.com:80/to-regex-range/-/to-regex-range-5.0.1.tgz#1648c44aae7c8d988a326018ed72f5b4dd0392e4"
  integrity sha1-FkjESq58jZiKMmAY7XL1tN0DkuQ=
  dependencies:
    is-number "^7.0.0"

type-check@~0.3.2:
  version "0.3.2"
  resolved "http://npm.dui88.com:80/type-check/-/type-check-0.3.2.tgz#5884cab512cf1d355e3fb784f30804b2b520db72"
  integrity sha1-WITKtRLPHTVeP7eE8wgEsrUg23I=
  dependencies:
    prelude-ls "~1.1.2"

typedarray@^0.0.6:
  version "0.0.6"
  resolved "http://npm.dui88.com:80/typedarray/-/typedarray-0.0.6.tgz#867ac74e3864187b1d3d47d996a78ec5c8830777"
  integrity sha1-hnrHTjhkGHsdPUfZlqeOxciDB3c=

typescript@^4.5.4:
  version "4.5.4"
  resolved "http://npm.dui88.com:80/typescript/-/typescript-4.5.4.tgz#a17d3a0263bf5c8723b9c52f43c5084edf13c2e8"
  integrity sha512-VgYs2A2QIRuGphtzFV7aQJduJ2gyfTljngLzjpfW9FoYZF6xuw1W0vW9ghCKLfcWrCFxK81CSGRAvS1pn4fIUg==

util-deprecate@~1.0.1:
  version "1.0.2"
  resolved "http://npm.dui88.com:80/util-deprecate/-/util-deprecate-1.0.2.tgz#450d4dc9fa70de732762fbd2d4a28981419a0ccf"
  integrity sha1-RQ1Nyfpw3nMnYvvS1KKJgUGaDM8=

word-wrap@~1.2.3:
  version "1.2.3"
  resolved "http://npm.dui88.com:80/word-wrap/-/word-wrap-1.2.3.tgz#610636f6b1f703891bd34771ccb17fb93b47079c"
  integrity sha1-YQY29rH3A4kb00dxzLF/uTtHB5w=

wrappy@1:
  version "1.0.2"
  resolved "http://npm.dui88.com:80/wrappy/-/wrappy-1.0.2.tgz#b5243d8f3ec1aa35f1364605bc0d1036e30ab69f"
  integrity sha1-tSQ9jz7BqjXxNkYFvA0QNuMKtp8=

ws@^7.4.3:
  version "7.5.4"
  resolved "http://npm.dui88.com:80/ws/-/ws-7.5.4.tgz#56bfa20b167427e138a7795de68d134fe92e21f9"
  integrity sha1-Vr+iCxZ0J+E4p3ld5o0TT+kuIfk=

"xtend@>=4.0.0 <4.1.0-0", xtend@^4.0.0, xtend@~4.0.1:
  version "4.0.2"
  resolved "http://npm.dui88.com:80/xtend/-/xtend-4.0.2.tgz#bb72779f5fa465186b1f438f674fa347fdb5db54"
  integrity sha1-u3J3n1+kZRhrH0OPZ0+jR/2121Q=

xtend@^2.1.2:
  version "2.2.0"
  resolved "http://npm.dui88.com:80/xtend/-/xtend-2.2.0.tgz#eef6b1f198c1c8deafad8b1765a04dad4a01c5a9"
  integrity sha1-7vax8ZjByN6vrYsXZaBNrUoBxak=

yallist@^4.0.0:
  version "4.0.0"
  resolved "http://npm.dui88.com:80/yallist/-/yallist-4.0.0.tgz#9bb92790d9c0effec63be73519e11a35019a3a72"
  integrity sha1-m7knkNnA7/7GO+c1GeEaNQGaOnI=
